// !$*UTF8*$!
{
	archiveVersion = 1;
	classes = {
	};
	objectVersion = 48;
	objects = {

/* Begin PBXBuildFile section */
		D0A6CC02200BE7910069D4F4 /* AppDelegate.swift in Sources */ = {isa = PBXBuildFile; fileRef = D0A6CC01200BE7910069D4F4 /* AppDelegate.swift */; };
		D0A6CC04200BE7910069D4F4 /* ViewController.swift in Sources */ = {isa = PBXBuildFile; fileRef = D0A6CC03200BE7910069D4F4 /* ViewController.swift */; };
		D0A6CC07200BE7910069D4F4 /* Main.storyboard in Resources */ = {isa = PBXBuildFile; fileRef = D0A6CC05200BE7910069D4F4 /* Main.storyboard */; };
		D0A6CC09200BE7910069D4F4 /* Assets.xcassets in Resources */ = {isa = PBXBuildFile; fileRef = D0A6CC08200BE7910069D4F4 /* Assets.xcassets */; };
		D0A6CC0C200BE7910069D4F4 /* LaunchScreen.storyboard in Resources */ = {isa = PBXBuildFile; fileRef = D0A6CC0A200BE7910069D4F4 /* LaunchScreen.storyboard */; };
		D0A6CC17200BE7910069D4F4 /* ConcentrationTests.swift in Sources */ = {isa = PBXBuildFile; fileRef = D0A6CC16200BE7910069D4F4 /* ConcentrationTests.swift */; };
		D0A6CC22200BE7910069D4F4 /* ConcentrationUITests.swift in Sources */ = {isa = PBXBuildFile; fileRef = D0A6CC21200BE7910069D4F4 /* ConcentrationUITests.swift */; };
		D0FF3D8B200C24270032FD76 /* Concentration.swift in Sources */ = {isa = PBXBuildFile; fileRef = D0FF3D8A200C24270032FD76 /* Concentration.swift */; };
		D0FF3D8D200C24E00032FD76 /* Card.swift in Sources */ = {isa = PBXBuildFile; fileRef = D0FF3D8C200C24E00032FD76 /* Card.swift */; };
/* End PBXBuildFile section */

/* Begin PBXContainerItemProxy section */
		D0A6CC13200BE7910069D4F4 /* PBXContainerItemProxy */ = {
			isa = PBXContainerItemProxy;
			containerPortal = D0A6CBF6200BE7910069D4F4 /* Project object */;
			proxyType = 1;
			remoteGlobalIDString = D0A6CBFD200BE7910069D4F4;
			remoteInfo = Concentration;
		};
		D0A6CC1E200BE7910069D4F4 /* PBXContainerItemProxy */ = {
			isa = PBXContainerItemProxy;
			containerPortal = D0A6CBF6200BE7910069D4F4 /* Project object */;
			proxyType = 1;
			remoteGlobalIDString = D0A6CBFD200BE7910069D4F4;
			remoteInfo = Concentration;
		};
/* End PBXContainerItemProxy section */

/* Begin PBXFileReference section */
		D0A6CBFE200BE7910069D4F4 /* Concentration.app */ = {isa = PBXFileReference; explicitFileType = wrapper.application; includeInIndex = 0; path = Concentration.app; sourceTree = BUILT_PRODUCTS_DIR; };
		D0A6CC01200BE7910069D4F4 /* AppDelegate.swift */ = {isa = PBXFileReference; lastKnownFileType = sourcecode.swift; path = AppDelegate.swift; sourceTree = "<group>"; };
		D0A6CC03200BE7910069D4F4 /* ViewController.swift */ = {isa = PBXFileReference; lastKnownFileType = sourcecode.swift; path = ViewController.swift; sourceTree = "<group>"; };
		D0A6CC06200BE7910069D4F4 /* Base */ = {isa = PBXFileReference; lastKnownFileType = file.storyboard; name = Base; path = Base.lproj/Main.storyboard; sourceTree = "<group>"; };
		D0A6CC08200BE7910069D4F4 /* Assets.xcassets */ = {isa = PBXFileReference; lastKnownFileType = folder.assetcatalog; path = Assets.xcassets; sourceTree = "<group>"; };
		D0A6CC0B200BE7910069D4F4 /* Base */ = {isa = PBXFileReference; lastKnownFileType = file.storyboard; name = Base; path = Base.lproj/LaunchScreen.storyboard; sourceTree = "<group>"; };
		D0A6CC0D200BE7910069D4F4 /* Info.plist */ = {isa = PBXFileReference; lastKnownFileType = text.plist.xml; path = Info.plist; sourceTree = "<group>"; };
		D0A6CC12200BE7910069D4F4 /* ConcentrationTests.xctest */ = {isa = PBXFileReference; explicitFileType = wrapper.cfbundle; includeInIndex = 0; path = ConcentrationTests.xctest; sourceTree = BUILT_PRODUCTS_DIR; };
		D0A6CC16200BE7910069D4F4 /* ConcentrationTests.swift */ = {isa = PBXFileReference; lastKnownFileType = sourcecode.swift; path = ConcentrationTests.swift; sourceTree = "<group>"; };
		D0A6CC18200BE7910069D4F4 /* Info.plist */ = {isa = PBXFileReference; lastKnownFileType = text.plist.xml; path = Info.plist; sourceTree = "<group>"; };
		D0A6CC1D200BE7910069D4F4 /* ConcentrationUITests.xctest */ = {isa = PBXFileReference; explicitFileType = wrapper.cfbundle; includeInIndex = 0; path = ConcentrationUITests.xctest; sourceTree = BUILT_PRODUCTS_DIR; };
		D0A6CC21200BE7910069D4F4 /* ConcentrationUITests.swift */ = {isa = PBXFileReference; lastKnownFileType = sourcecode.swift; path = ConcentrationUITests.swift; sourceTree = "<group>"; };
		D0A6CC23200BE7910069D4F4 /* Info.plist */ = {isa = PBXFileReference; lastKnownFileType = text.plist.xml; path = Info.plist; sourceTree = "<group>"; };
		D0FF3D8A200C24270032FD76 /* Concentration.swift */ = {isa = PBXFileReference; lastKnownFileType = sourcecode.swift; path = Concentration.swift; sourceTree = "<group>"; };
		D0FF3D8C200C24E00032FD76 /* Card.swift */ = {isa = PBXFileReference; lastKnownFileType = sourcecode.swift; path = Card.swift; sourceTree = "<group>"; };
/* End PBXFileReference section */

/* Begin PBXFrameworksBuildPhase section */
		D0A6CBFB200BE7910069D4F4 /* Frameworks */ = {
			isa = PBXFrameworksBuildPhase;
			buildActionMask = 2147483647;
			files = (
			);
			runOnlyForDeploymentPostprocessing = 0;
		};
		D0A6CC0F200BE7910069D4F4 /* Frameworks */ = {
			isa = PBXFrameworksBuildPhase;
			buildActionMask = 2147483647;
			files = (
			);
			runOnlyForDeploymentPostprocessing = 0;
		};
		D0A6CC1A200BE7910069D4F4 /* Frameworks */ = {
			isa = PBXFrameworksBuildPhase;
			buildActionMask = 2147483647;
			files = (
			);
			runOnlyForDeploymentPostprocessing = 0;
		};
/* End PBXFrameworksBuildPhase section */

/* Begin PBXGroup section */
		D0A6CBF5200BE7910069D4F4 = {
			isa = PBXGroup;
			children = (
				D0A6CC00200BE7910069D4F4 /* Concentration */,
				D0A6CC15200BE7910069D4F4 /* ConcentrationTests */,
				D0A6CC20200BE7910069D4F4 /* ConcentrationUITests */,
				D0A6CBFF200BE7910069D4F4 /* Products */,
			);
			sourceTree = "<group>";
		};
		D0A6CBFF200BE7910069D4F4 /* Products */ = {
			isa = PBXGroup;
			children = (
				D0A6CBFE200BE7910069D4F4 /* Concentration.app */,
				D0A6CC12200BE7910069D4F4 /* ConcentrationTests.xctest */,
				D0A6CC1D200BE7910069D4F4 /* ConcentrationUITests.xctest */,
			);
			name = Products;
			sourceTree = "<group>";
		};
		D0A6CC00200BE7910069D4F4 /* Concentration */ = {
			isa = PBXGroup;
			children = (
				D0A6CC01200BE7910069D4F4 /* AppDelegate.swift */,
				D0A6CC03200BE7910069D4F4 /* ViewController.swift */,
				D0FF3D8A200C24270032FD76 /* Concentration.swift */,
				D0FF3D8C200C24E00032FD76 /* Card.swift */,
				D0A6CC05200BE7910069D4F4 /* Main.storyboard */,
				D0A6CC08200BE7910069D4F4 /* Assets.xcassets */,
				D0A6CC0A200BE7910069D4F4 /* LaunchScreen.storyboard */,
				D0A6CC0D200BE7910069D4F4 /* Info.plist */,
			);
			path = Concentration;
			sourceTree = "<group>";
		};
		D0A6CC15200BE7910069D4F4 /* ConcentrationTests */ = {
			isa = PBXGroup;
			children = (
				D0A6CC16200BE7910069D4F4 /* ConcentrationTests.swift */,
				D0A6CC18200BE7910069D4F4 /* Info.plist */,
			);
			path = ConcentrationTests;
			sourceTree = "<group>";
		};
		D0A6CC20200BE7910069D4F4 /* ConcentrationUITests */ = {
			isa = PBXGroup;
			children = (
				D0A6CC21200BE7910069D4F4 /* ConcentrationUITests.swift */,
				D0A6CC23200BE7910069D4F4 /* Info.plist */,
			);
			path = ConcentrationUITests;
			sourceTree = "<group>";
		};
/* End PBXGroup section */

/* Begin PBXNativeTarget section */
		D0A6CBFD200BE7910069D4F4 /* Concentration */ = {
			isa = PBXNativeTarget;
			buildConfigurationList = D0A6CC26200BE7910069D4F4 /* Build configuration list for PBXNativeTarget "Concentration" */;
			buildPhases = (
				D0A6CBFA200BE7910069D4F4 /* Sources */,
				D0A6CBFB200BE7910069D4F4 /* Frameworks */,
				D0A6CBFC200BE7910069D4F4 /* Resources */,
			);
			buildRules = (
			);
			dependencies = (
			);
			name = Concentration;
			productName = Concentration;
			productReference = D0A6CBFE200BE7910069D4F4 /* Concentration.app */;
			productType = "com.apple.product-type.application";
		};
		D0A6CC11200BE7910069D4F4 /* ConcentrationTests */ = {
			isa = PBXNativeTarget;
			buildConfigurationList = D0A6CC29200BE7910069D4F4 /* Build configuration list for PBXNativeTarget "ConcentrationTests" */;
			buildPhases = (
				D0A6CC0E200BE7910069D4F4 /* Sources */,
				D0A6CC0F200BE7910069D4F4 /* Frameworks */,
				D0A6CC10200BE7910069D4F4 /* Resources */,
			);
			buildRules = (
			);
			dependencies = (
				D0A6CC14200BE7910069D4F4 /* PBXTargetDependency */,
			);
			name = ConcentrationTests;
			productName = ConcentrationTests;
			productReference = D0A6CC12200BE7910069D4F4 /* ConcentrationTests.xctest */;
			productType = "com.apple.product-type.bundle.unit-test";
		};
		D0A6CC1C200BE7910069D4F4 /* ConcentrationUITests */ = {
			isa = PBXNativeTarget;
			buildConfigurationList = D0A6CC2C200BE7910069D4F4 /* Build configuration list for PBXNativeTarget "ConcentrationUITests" */;
			buildPhases = (
				D0A6CC19200BE7910069D4F4 /* Sources */,
				D0A6CC1A200BE7910069D4F4 /* Frameworks */,
				D0A6CC1B200BE7910069D4F4 /* Resources */,
			);
			buildRules = (
			);
			dependencies = (
				D0A6CC1F200BE7910069D4F4 /* PBXTargetDependency */,
			);
			name = ConcentrationUITests;
			productName = ConcentrationUITests;
			productReference = D0A6CC1D200BE7910069D4F4 /* ConcentrationUITests.xctest */;
			productType = "com.apple.product-type.bundle.ui-testing";
		};
/* End PBXNativeTarget section */

/* Begin PBXProject section */
		D0A6CBF6200BE7910069D4F4 /* Project object */ = {
			isa = PBXProject;
			attributes = {
				LastSwiftUpdateCheck = 0920;
				LastUpgradeCheck = 0930;
				ORGANIZATIONNAME = "Li Xin";
				TargetAttributes = {
					D0A6CBFD200BE7910069D4F4 = {
						CreatedOnToolsVersion = 9.2;
						ProvisioningStyle = Automatic;
					};
					D0A6CC11200BE7910069D4F4 = {
						CreatedOnToolsVersion = 9.2;
						ProvisioningStyle = Automatic;
						TestTargetID = D0A6CBFD200BE7910069D4F4;
					};
					D0A6CC1C200BE7910069D4F4 = {
						CreatedOnToolsVersion = 9.2;
						ProvisioningStyle = Automatic;
						TestTargetID = D0A6CBFD200BE7910069D4F4;
					};
				};
			};
			buildConfigurationList = D0A6CBF9200BE7910069D4F4 /* Build configuration list for PBXProject "Concentration" */;
			compatibilityVersion = "Xcode 8.0";
			developmentRegion = en;
			hasScannedForEncodings = 0;
			knownRegions = (
				en,
				Base,
			);
			mainGroup = D0A6CBF5200BE7910069D4F4;
			productRefGroup = D0A6CBFF200BE7910069D4F4 /* Products */;
			projectDirPath = "";
			projectRoot = "";
			targets = (
				D0A6CBFD200BE7910069D4F4 /* Concentration */,
				D0A6CC11200BE7910069D4F4 /* ConcentrationTests */,
				D0A6CC1C200BE7910069D4F4 /* ConcentrationUITests */,
			);
		};
/* End PBXProject section */

/* Begin PBXResourcesBuildPhase section */
		D0A6CBFC200BE7910069D4F4 /* Resources */ = {
			isa = PBXResourcesBuildPhase;
			buildActionMask = 2147483647;
			files = (
				D0A6CC0C200BE7910069D4F4 /* LaunchScreen.storyboard in Resources */,
				D0A6CC09200BE7910069D4F4 /* Assets.xcassets in Resources */,
				D0A6CC07200BE7910069D4F4 /* Main.storyboard in Resources */,
			);
			runOnlyForDeploymentPostprocessing = 0;
		};
		D0A6CC10200BE7910069D4F4 /* Resources */ = {
			isa = PBXResourcesBuildPhase;
			buildActionMask = 2147483647;
			files = (
			);
			runOnlyForDeploymentPostprocessing = 0;
		};
		D0A6CC1B200BE7910069D4F4 /* Resources */ = {
			isa = PBXResourcesBuildPhase;
			buildActionMask = 2147483647;
			files = (
			);
			runOnlyForDeploymentPostprocessing = 0;
		};
/* End PBXResourcesBuildPhase section */

/* Begin PBXSourcesBuildPhase section */
		D0A6CBFA200BE7910069D4F4 /* Sources */ = {
			isa = PBXSourcesBuildPhase;
			buildActionMask = 2147483647;
			files = (
				D0A6CC04200BE7910069D4F4 /* ViewController.swift in Sources */,
				D0A6CC02200BE7910069D4F4 /* AppDelegate.swift in Sources */,
				D0FF3D8B200C24270032FD76 /* Concentration.swift in Sources */,
				D0FF3D8D200C24E00032FD76 /* Card.swift in Sources */,
			);
			runOnlyForDeploymentPostprocessing = 0;
		};
		D0A6CC0E200BE7910069D4F4 /* Sources */ = {
			isa = PBXSourcesBuildPhase;
			buildActionMask = 2147483647;
			files = (
				D0A6CC17200BE7910069D4F4 /* ConcentrationTests.swift in Sources */,
			);
			runOnlyForDeploymentPostprocessing = 0;
		};
		D0A6CC19200BE7910069D4F4 /* Sources */ = {
			isa = PBXSourcesBuildPhase;
			buildActionMask = 2147483647;
			files = (
				D0A6CC22200BE7910069D4F4 /* ConcentrationUITests.swift in Sources */,
			);
			runOnlyForDeploymentPostprocessing = 0;
		};
/* End PBXSourcesBuildPhase section */

/* Begin PBXTargetDependency section */
		D0A6CC14200BE7910069D4F4 /* PBXTargetDependency */ = {
			isa = PBXTargetDependency;
			target = D0A6CBFD200BE7910069D4F4 /* Concentration */;
			targetProxy = D0A6CC13200BE7910069D4F4 /* PBXContainerItemProxy */;
		};
		D0A6CC1F200BE7910069D4F4 /* PBXTargetDependency */ = {
			isa = PBXTargetDependency;
			target = D0A6CBFD200BE7910069D4F4 /* Concentration */;
			targetProxy = D0A6CC1E200BE7910069D4F4 /* PBXContainerItemProxy */;
		};
/* End PBXTargetDependency section */

/* Begin PBXVariantGroup section */
		D0A6CC05200BE7910069D4F4 /* Main.storyboard */ = {
			isa = PBXVariantGroup;
			children = (
				D0A6CC06200BE7910069D4F4 /* Base */,
			);
			name = Main.storyboard;
			sourceTree = "<group>";
		};
		D0A6CC0A200BE7910069D4F4 /* LaunchScreen.storyboard */ = {
			isa = PBXVariantGroup;
			children = (
				D0A6CC0B200BE7910069D4F4 /* Base */,
			);
			name = LaunchScreen.storyboard;
			sourceTree = "<group>";
		};
/* End PBXVariantGroup section */

/* Begin XCBuildConfiguration section */
		D0A6CC24200BE7910069D4F4 /* Debug */ = {
			isa = XCBuildConfiguration;
			buildSettings = {
				ALWAYS_SEARCH_USER_PATHS = NO;
				CLANG_ANALYZER_NONNULL = YES;
				CLANG_ANALYZER_NUMBER_OBJECT_CONVERSION = YES_AGGRESSIVE;
				CLANG_CXX_LANGUAGE_STANDARD = "gnu++14";
				CLANG_CXX_LIBRARY = "libc++";
				CLANG_ENABLE_MODULES = YES;
				CLANG_ENABLE_OBJC_ARC = YES;
				CLANG_WARN_BLOCK_CAPTURE_AUTORELEASING = YES;
				CLANG_WARN_BOOL_CONVERSION = YES;
				CLANG_WARN_COMMA = YES;
				CLANG_WARN_CONSTANT_CONVERSION = YES;
				CLANG_WARN_DEPRECATED_OBJC_IMPLEMENTATIONS = YES;
				CLANG_WARN_DIRECT_OBJC_ISA_USAGE = YES_ERROR;
				CLANG_WARN_DOCUMENTATION_COMMENTS = YES;
				CLANG_WARN_EMPTY_BODY = YES;
				CLANG_WARN_ENUM_CONVERSION = YES;
				CLANG_WARN_INFINITE_RECURSION = YES;
				CLANG_WARN_INT_CONVERSION = YES;
				CLANG_WARN_NON_LITERAL_NULL_CONVERSION = YES;
				CLANG_WARN_OBJC_IMPLICIT_RETAIN_SELF = YES;
				CLANG_WARN_OBJC_LITERAL_CONVERSION = YES;
				CLANG_WARN_OBJC_ROOT_CLASS = YES_ERROR;
				CLANG_WARN_RANGE_LOOP_ANALYSIS = YES;
				CLANG_WARN_STRICT_PROTOTYPES = YES;
				CLANG_WARN_SUSPICIOUS_MOVE = YES;
				CLANG_WARN_UNGUARDED_AVAILABILITY = YES_AGGRESSIVE;
				CLANG_WARN_UNREACHABLE_CODE = YES;
				CLANG_WARN__DUPLICATE_METHOD_MATCH = YES;
				CODE_SIGN_IDENTITY = "iPhone Developer";
				COPY_PHASE_STRIP = NO;
				DEBUG_INFORMATION_FORMAT = dwarf;
				ENABLE_STRICT_OBJC_MSGSEND = YES;
				ENABLE_TESTABILITY = YES;
				GCC_C_LANGUAGE_STANDARD = gnu11;
				GCC_DYNAMIC_NO_PIC = NO;
				GCC_NO_COMMON_BLOCKS = YES;
				GCC_OPTIMIZATION_LEVEL = 0;
				GCC_PREPROCESSOR_DEFINITIONS = (
					"DEBUG=1",
					"$(inherited)",
				);
				GCC_WARN_64_TO_32_BIT_CONVERSION = YES;
				GCC_WARN_ABOUT_RETURN_TYPE = YES_ERROR;
				GCC_WARN_UNDECLARED_SELECTOR = YES;
				GCC_WARN_UNINITIALIZED_AUTOS = YES_AGGRESSIVE;
				GCC_WARN_UNUSED_FUNCTION = YES;
				GCC_WARN_UNUSED_VARIABLE = YES;
				IPHONEOS_DEPLOYMENT_TARGET = 11.3;
				MTL_ENABLE_DEBUG_INFO = YES;
				ONLY_ACTIVE_ARCH = YES;
				SDKROOT = iphoneos;
				SWIFT_ACTIVE_COMPILATION_CONDITIONS = DEBUG;
				SWIFT_OPTIMIZATION_LEVEL = "-Onone";
			};
			name = Debug;
		};
		D0A6CC25200BE7910069D4F4 /* Release */ = {
			isa = XCBuildConfiguration;
			buildSettings = {
				ALWAYS_SEARCH_USER_PATHS = NO;
				CLANG_ANALYZER_NONNULL = YES;
				CLANG_ANALYZER_NUMBER_OBJECT_CONVERSION = YES_AGGRESSIVE;
				CLANG_CXX_LANGUAGE_STANDARD = "gnu++14";
				CLANG_CXX_LIBRARY = "libc++";
				CLANG_ENABLE_MODULES = YES;
				CLANG_ENABLE_OBJC_ARC = YES;
				CLANG_WARN_BLOCK_CAPTURE_AUTORELEASING = YES;
				CLANG_WARN_BOOL_CONVERSION = YES;
				CLANG_WARN_COMMA = YES;
				CLANG_WARN_CONSTANT_CONVERSION = YES;
				CLANG_WARN_DEPRECATED_OBJC_IMPLEMENTATIONS = YES;
				CLANG_WARN_DIRECT_OBJC_ISA_USAGE = YES_ERROR;
				CLANG_WARN_DOCUMENTATION_COMMENTS = YES;
				CLANG_WARN_EMPTY_BODY = YES;
				CLANG_WARN_ENUM_CONVERSION = YES;
				CLANG_WARN_INFINITE_RECURSION = YES;
				CLANG_WARN_INT_CONVERSION = YES;
				CLANG_WARN_NON_LITERAL_NULL_CONVERSION = YES;
				CLANG_WARN_OBJC_IMPLICIT_RETAIN_SELF = YES;
				CLANG_WARN_OBJC_LITERAL_CONVERSION = YES;
				CLANG_WARN_OBJC_ROOT_CLASS = YES_ERROR;
				CLANG_WARN_RANGE_LOOP_ANALYSIS = YES;
				CLANG_WARN_STRICT_PROTOTYPES = YES;
				CLANG_WARN_SUSPICIOUS_MOVE = YES;
				CLANG_WARN_UNGUARDED_AVAILABILITY = YES_AGGRESSIVE;
				CLANG_WARN_UNREACHABLE_CODE = YES;
				CLANG_WARN__DUPLICATE_METHOD_MATCH = YES;
				CODE_SIGN_IDENTITY = "iPhone Developer";
				COPY_PHASE_STRIP = NO;
				DEBUG_INFORMATION_FORMAT = "dwarf-with-dsym";
				ENABLE_NS_ASSERTIONS = NO;
				ENABLE_STRICT_OBJC_MSGSEND = YES;
				GCC_C_LANGUAGE_STANDARD = gnu11;
				GCC_NO_COMMON_BLOCKS = YES;
				GCC_WARN_64_TO_32_BIT_CONVERSION = YES;
				GCC_WARN_ABOUT_RETURN_TYPE = YES_ERROR;
				GCC_WARN_UNDECLARED_SELECTOR = YES;
				GCC_WARN_UNINITIALIZED_AUTOS = YES_AGGRESSIVE;
				GCC_WARN_UNUSED_FUNCTION = YES;
				GCC_WARN_UNUSED_VARIABLE = YES;
				IPHONEOS_DEPLOYMENT_TARGET = 11.3;
				MTL_ENABLE_DEBUG_INFO = NO;
				SDKROOT = iphoneos;
				SWIFT_OPTIMIZATION_LEVEL = "-Owholemodule";
				VALIDATE_PRODUCT = YES;
			};
			name = Release;
		};
		D0A6CC27200BE7910069D4F4 /* Debug */ = {
			isa = XCBuildConfiguration;
			buildSettings = {
				ASSETCATALOG_COMPILER_APPICON_NAME = AppIcon;
				CODE_SIGN_STYLE = Automatic;
				DEVELOPMENT_TEAM = 73TL54KHYL;
				INFOPLIST_FILE = Concentration/Info.plist;
				IPHONEOS_DEPLOYMENT_TARGET = 12.0;
				LD_RUNPATH_SEARCH_PATHS = "$(inherited) @executable_path/Frameworks";
				PRODUCT_BUNDLE_IDENTIFIER = com.lixin.Concentration;
				PRODUCT_NAME = "$(TARGET_NAME)";
				SWIFT_VERSION = 4.0;
				TARGETED_DEVICE_FAMILY = "1,2";
			};
			name = Debug;
		};
		D0A6CC28200BE7910069D4F4 /* Release */ = {
			isa = XCBuildConfiguration;
			buildSettings = {
				ASSETCATALOG_COMPILER_APPICON_NAME = AppIcon;
				CODE_SIGN_STYLE = Automatic;
				DEVELOPMENT_TEAM = 73TL54KHYL;
				INFOPLIST_FILE = Concentration/Info.plist;
				IPHONEOS_DEPLOYMENT_TARGET = 12.0;
				LD_RUNPATH_SEARCH_PATHS = "$(inherited) @executable_path/Frameworks";
				PRODUCT_BUNDLE_IDENTIFIER = com.lixin.Concentration;
				PRODUCT_NAME = "$(TARGET_NAME)";
				SWIFT_VERSION = 4.0;
				TARGETED_DEVICE_FAMILY = "1,2";
			};
			name = Release;
		};
		D0A6CC2A200BE7910069D4F4 /* Debug */ = {
			isa = XCBuildConfiguration;
			buildSettings = {
				ALWAYS_EMBED_SWIFT_STANDARD_LIBRARIES = YES;
				BUNDLE_LOADER = "$(TEST_HOST)";
				CODE_SIGN_STYLE = Automatic;
				DEVELOPMENT_TEAM = 73TL54KHYL;
				INFOPLIST_FILE = ConcentrationTests/Info.plist;
				LD_RUNPATH_SEARCH_PATHS = "$(inherited) @executable_path/Frameworks @loader_path/Frameworks";
				PRODUCT_BUNDLE_IDENTIFIER = com.lixin.ConcentrationTests;
				PRODUCT_NAME = "$(TARGET_NAME)";
				SWIFT_VERSION = 4.0;
				TARGETED_DEVICE_FAMILY = "1,2";
				TEST_HOST = "$(BUILT_PRODUCTS_DIR)/Concentration.app/Concentration";
			};
			name = Debug;
		};
		D0A6CC2B200BE7910069D4F4 /* Release */ = {
			isa = XCBuildConfiguration;
			buildSettings = {
				ALWAYS_EMBED_SWIFT_STANDARD_LIBRARIES = YES;
				BUNDLE_LOADER = "$(TEST_HOST)";
				CODE_SIGN_STYLE = Automatic;
				DEVELOPMENT_TEAM = 73TL54KHYL;
				INFOPLIST_FILE = ConcentrationTests/Info.plist;
				LD_RUNPATH_SEARCH_PATHS = "$(inherited) @executable_path/Frameworks @loader_path/Frameworks";
				PRODUCT_BUNDLE_IDENTIFIER = com.lixin.ConcentrationTests;
				PRODUCT_NAME = "$(TARGET_NAME)";
				SWIFT_VERSION = 4.0;
				TARGETED_DEVICE_FAMILY = "1,2";
				TEST_HOST = "$(BUILT_PRODUCTS_DIR)/Concentration.app/Concentration";
			};
			name = Release;
		};
		D0A6CC2D200BE7910069D4F4 /* Debug */ = {
			isa = XCBuildConfiguration;
			buildSettings = {
				ALWAYS_EMBED_SWIFT_STANDARD_LIBRARIES = YES;
				CODE_SIGN_STYLE = Automatic;
				DEVELOPMENT_TEAM = 73TL54KHYL;
				INFOPLIST_FILE = ConcentrationUITests/Info.plist;
				LD_RUNPATH_SEARCH_PATHS = "$(inherited) @executable_path/Frameworks @loader_path/Frameworks";
				PRODUCT_BUNDLE_IDENTIFIER = com.lixin.ConcentrationUITests;
				PRODUCT_NAME = "$(TARGET_NAME)";
				SWIFT_VERSION = 4.0;
				TARGETED_DEVICE_FAMILY = "1,2";
				TEST_TARGET_NAME = Concentration;
			};
			name = Debug;
		};
		D0A6CC2E200BE7910069D4F4 /* Release */ = {
			isa = XCBuildConfiguration;
			buildSettings = {
				ALWAYS_EMBED_SWIFT_STANDARD_LIBRARIES = YES;
				CODE_SIGN_STYLE = Automatic;
				DEVELOPMENT_TEAM = 73TL54KHYL;
				INFOPLIST_FILE = ConcentrationUITests/Info.plist;
				LD_RUNPATH_SEARCH_PATHS = "$(inherited) @executable_path/Frameworks @loader_path/Frameworks";
				PRODUCT_BUNDLE_IDENTIFIER = com.lixin.ConcentrationUITests;
				PRODUCT_NAME = "$(TARGET_NAME)";
				SWIFT_VERSION = 4.0;
				TARGETED_DEVICE_FAMILY = "1,2";
				TEST_TARGET_NAME = Concentration;
			};
			name = Release;
		};
/* End XCBuildConfiguration section */

/* Begin XCConfigurationList section */
		D0A6CBF9200BE7910069D4F4 /* Build configuration list for PBXProject "Concentration" */ = {
			isa = XCConfigurationList;
			buildConfigurations = (
				D0A6CC24200BE7910069D4F4 /* Debug */,
				D0A6CC25200BE7910069D4F4 /* Release */,
			);
			defaultConfigurationIsVisible = 0;
			defaultConfigurationName = Release;
		};
		D0A6CC26200BE7910069D4F4 /* Build configuration list for PBXNativeTarget "Concentration" */ = {
			isa = XCConfigurationList;
			buildConfigurations = (
				D0A6CC27200BE7910069D4F4 /* Debug */,
				D0A6CC28200BE7910069D4F4 /* Release */,
			);
			defaultConfigurationIsVisible = 0;
			defaultConfigurationName = Release;
		};
		D0A6CC29200BE7910069D4F4 /* Build configuration list for PBXNativeTarget "ConcentrationTests" */ = {
			isa = XCConfigurationList;
			buildConfigurations = (
				D0A6CC2A200BE7910069D4F4 /* Debug */,
				D0A6CC2B200BE7910069D4F4 /* Release */,
			);
			defaultConfigurationIsVisible = 0;
			defaultConfigurationName = Release;
		};
		D0A6CC2C200BE7910069D4F4 /* Build configuration list for PBXNativeTarget "ConcentrationUITests" */ = {
			isa = XCConfigurationList;
			buildConfigurations = (
				D0A6CC2D200BE7910069D4F4 /* Debug */,
				D0A6CC2E200BE7910069D4F4 /* Release */,
			);
			defaultConfigurationIsVisible = 0;
			defaultConfigurationName = Release;
		};
/* End XCConfigurationList section */
	};
	rootObject = D0A6CBF6200BE7910069D4F4 /* Project object */;
}
